
Microsoft Visual Studio Solution File, Format Version 12.00
# Visual Studio Version 17
VisualStudioVersion = 17.11.35312.102
MinimumVisualStudioVersion = 10.0.40219.1
Project("{8BC9CEB8-8B4A-11D0-8D11-00A0C91BC942}") = "MidtermPrepProject", "MidtermPrepProject.vcxproj", "{74262441-BE9B-42AB-B0A1-5E1053CF55C8}"
EndProject
Global
	GlobalSection(SolutionConfigurationPlatforms) = preSolution
		Debug|x64 = Debug|x64
		Debug|x86 = Debug|x86
		Release|x64 = Release|x64
		Release|x86 = Release|x86
	EndGlobalSection
	GlobalSection(ProjectConfigurationPlatforms) = postSolution
		{74262441-BE9B-42AB-B0A1-5E1053CF55C8}.Debug|x64.ActiveCfg = Debug|x64
		{74262441-BE9B-42AB-B0A1-5E1053CF55C8}.Debug|x64.Build.0 = Debug|x64
		{74262441-BE9B-42AB-B0A1-5E1053CF55C8}.Debug|x86.ActiveCfg = Debug|Win32
		{74262441-BE9B-42AB-B0A1-5E1053CF55C8}.Debug|x86.Build.0 = Debug|Win32
		{74262441-BE9B-42AB-B0A1-5E1053CF55C8}.Release|x64.ActiveCfg = Release|x64
		{74262441-BE9B-42AB-B0A1-5E1053CF55C8}.Release|x64.Build.0 = Release|x64
		{74262441-BE9B-42AB-B0A1-5E1053CF55C8}.Release|x86.ActiveCfg = Release|Win32
		{74262441-BE9B-42AB-B0A1-5E1053CF55C8}.Release|x86.Build.0 = Release|Win32
	EndGlobalSection
	GlobalSection(SolutionProperties) = preSolution
		HideSolutionNode = FALSE
	EndGlobalSection
	GlobalSection(ExtensibilityGlobals) = postSolution
		SolutionGuid = {8E10DAD5-7242-47DD-9549-ABA5F990EE1C}
	EndGlobalSection
EndGlobal
